github.com/caarlos0/env/v9 v9.0.0 h1:SI6JNsOA+y5gj9njpgybykATIylrRMklbs5ch6wO6pc=
github.com/caarlos0/env/v9 v9.0.0/go.mod h1:ye5mlCVMYh6tZ+vCgrs/B95sj88cg5Tlnc0XIzgZ020=
github.com/semichkin-gopkg/conf v0.0.5 h1:OGP6m/OzK7QlR+Ug5eXdY2es0JadxfyPctQLNnYlpIk=
github.com/semichkin-gopkg/conf v0.0.5/go.mod h1:hcOYG4uFFkyVdK429d+vJjN8Hd8AWYWKBKTAcYL1H3E=
